// !$*UTF8*$!
{
	archiveVersion = 1;
	classes = {
	};
	objectVersion = 51;
	objects = {

/* Begin PBXBuildFile section */
		8C2EFD1D25801364009C24EF /* Drugs.storyboard in Resources */ = {isa = PBXBuildFile; fileRef = 8C2EFD1C25801364009C24EF /* Drugs.storyboard */; };
		8C2EFD2025801379009C24EF /* Patients.storyboard in Resources */ = {isa = PBXBuildFile; fileRef = 8C2EFD1F25801379009C24EF /* Patients.storyboard */; };
		8C2EFD232580138B009C24EF /* Settings.storyboard in Resources */ = {isa = PBXBuildFile; fileRef = 8C2EFD222580138B009C24EF /* Settings.storyboard */; };
		8C2EFD262580196D009C24EF /* LoginViewController.swift in Sources */ = {isa = PBXBuildFile; fileRef = 8C2EFD252580196D009C24EF /* LoginViewController.swift */; };
		8C2EFD2E258103DB009C24EF /* AccountService.swift in Sources */ = {isa = PBXBuildFile; fileRef = 8C2EFD2D258103DB009C24EF /* AccountService.swift */; };
		8C2EFD3625811E2D009C24EF /* RegisterViewController.swift in Sources */ = {isa = PBXBuildFile; fileRef = 8C2EFD3525811E2D009C24EF /* RegisterViewController.swift */; };
		8C2EFD3D25813507009C24EF /* SettingsViewController.swift in Sources */ = {isa = PBXBuildFile; fileRef = 8C2EFD3C25813507009C24EF /* SettingsViewController.swift */; };
		8C2EFD402583BB80009C24EF /* PatientsTableViewController.swift in Sources */ = {isa = PBXBuildFile; fileRef = 8C2EFD3F2583BB80009C24EF /* PatientsTableViewController.swift */; };
		8C2EFD432583BC11009C24EF /* PatientsDetailViewController.swift in Sources */ = {isa = PBXBuildFile; fileRef = 8C2EFD422583BC11009C24EF /* PatientsDetailViewController.swift */; };
		8C2EFD462583D1D4009C24EF /* PatientService.swift in Sources */ = {isa = PBXBuildFile; fileRef = 8C2EFD452583D1D4009C24EF /* PatientService.swift */; };
		8C2EFD4E2583E972009C24EF /* Drug.swift in Sources */ = {isa = PBXBuildFile; fileRef = 8C2EFD4D2583E972009C24EF /* Drug.swift */; };
		8C2EFD522583E9A6009C24EF /* Patient.swift in Sources */ = {isa = PBXBuildFile; fileRef = 8C2EFD512583E9A6009C24EF /* Patient.swift */; };
		8C2EFD5A25843679009C24EF /* PatientCell.swift in Sources */ = {isa = PBXBuildFile; fileRef = 8C2EFD5925843679009C24EF /* PatientCell.swift */; };
		8C2EFD5D2597C262009C24EF /* PatientDrugCell.swift in Sources */ = {isa = PBXBuildFile; fileRef = 8C2EFD5C2597C262009C24EF /* PatientDrugCell.swift */; };
		8C2EFD602598CB57009C24EF /* DrugService.swift in Sources */ = {isa = PBXBuildFile; fileRef = 8C2EFD5F2598CB57009C24EF /* DrugService.swift */; };
		8C2EFD632598CF04009C24EF /* DrugsTableViewController.swift in Sources */ = {isa = PBXBuildFile; fileRef = 8C2EFD622598CF04009C24EF /* DrugsTableViewController.swift */; };
		8C5AF0F9257FFFA600F480A1 /* AppDelegate.swift in Sources */ = {isa = PBXBuildFile; fileRef = 8C5AF0F8257FFFA600F480A1 /* AppDelegate.swift */; };
		8C5AF0FB257FFFA600F480A1 /* SceneDelegate.swift in Sources */ = {isa = PBXBuildFile; fileRef = 8C5AF0FA257FFFA600F480A1 /* SceneDelegate.swift */; };
		8C5AF0FD257FFFA600F480A1 /* ViewController.swift in Sources */ = {isa = PBXBuildFile; fileRef = 8C5AF0FC257FFFA600F480A1 /* ViewController.swift */; };
		8C5AF100257FFFA600F480A1 /* Main.storyboard in Resources */ = {isa = PBXBuildFile; fileRef = 8C5AF0FE257FFFA600F480A1 /* Main.storyboard */; };
		8C5AF102257FFFA700F480A1 /* Assets.xcassets in Resources */ = {isa = PBXBuildFile; fileRef = 8C5AF101257FFFA700F480A1 /* Assets.xcassets */; };
		8C5AF105257FFFA700F480A1 /* LaunchScreen.storyboard in Resources */ = {isa = PBXBuildFile; fileRef = 8C5AF103257FFFA700F480A1 /* LaunchScreen.storyboard */; };
		8C606776259A530C00A15DEB /* DrugDetailsViewController.swift in Sources */ = {isa = PBXBuildFile; fileRef = 8C606775259A530C00A15DEB /* DrugDetailsViewController.swift */; };
		8C60677F259CCAC500A15DEB /* PatientCredentialsViewController.swift in Sources */ = {isa = PBXBuildFile; fileRef = 8C60677E259CCAC500A15DEB /* PatientCredentialsViewController.swift */; };
		8C606782259CCFB900A15DEB /* PatientDTO.swift in Sources */ = {isa = PBXBuildFile; fileRef = 8C606781259CCFB900A15DEB /* PatientDTO.swift */; };
		AFB54D77172C1D394615D087 /* Pods_Prescribr.framework in Frameworks */ = {isa = PBXBuildFile; fileRef = 5D1F352B3C6B5D76D0398E6F /* Pods_Prescribr.framework */; };
/* End PBXBuildFile section */

/* Begin PBXFileReference section */
		3ABC47EEB26FB492439210D3 /* Pods-Prescribr.debug.xcconfig */ = {isa = PBXFileReference; includeInIndex = 1; lastKnownFileType = text.xcconfig; name = "Pods-Prescribr.debug.xcconfig"; path = "Target Support Files/Pods-Prescribr/Pods-Prescribr.debug.xcconfig"; sourceTree = "<group>"; };
		5D1F352B3C6B5D76D0398E6F /* Pods_Prescribr.framework */ = {isa = PBXFileReference; explicitFileType = wrapper.framework; includeInIndex = 0; path = Pods_Prescribr.framework; sourceTree = BUILT_PRODUCTS_DIR; };
		8C2EFD1C25801364009C24EF /* Drugs.storyboard */ = {isa = PBXFileReference; lastKnownFileType = file.storyboard; path = Drugs.storyboard; sourceTree = "<group>"; };
		8C2EFD1F25801379009C24EF /* Patients.storyboard */ = {isa = PBXFileReference; lastKnownFileType = file.storyboard; path = Patients.storyboard; sourceTree = "<group>"; };
		8C2EFD222580138B009C24EF /* Settings.storyboard */ = {isa = PBXFileReference; lastKnownFileType = file.storyboard; path = Settings.storyboard; sourceTree = "<group>"; };
		8C2EFD252580196D009C24EF /* LoginViewController.swift */ = {isa = PBXFileReference; lastKnownFileType = sourcecode.swift; path = LoginViewController.swift; sourceTree = "<group>"; };
		8C2EFD2D258103DB009C24EF /* AccountService.swift */ = {isa = PBXFileReference; lastKnownFileType = sourcecode.swift; path = AccountService.swift; sourceTree = "<group>"; };
		8C2EFD3525811E2D009C24EF /* RegisterViewController.swift */ = {isa = PBXFileReference; lastKnownFileType = sourcecode.swift; path = RegisterViewController.swift; sourceTree = "<group>"; };
		8C2EFD3C25813507009C24EF /* SettingsViewController.swift */ = {isa = PBXFileReference; lastKnownFileType = sourcecode.swift; path = SettingsViewController.swift; sourceTree = "<group>"; };
		8C2EFD3F2583BB80009C24EF /* PatientsTableViewController.swift */ = {isa = PBXFileReference; lastKnownFileType = sourcecode.swift; path = PatientsTableViewController.swift; sourceTree = "<group>"; };
		8C2EFD422583BC11009C24EF /* PatientsDetailViewController.swift */ = {isa = PBXFileReference; lastKnownFileType = sourcecode.swift; path = PatientsDetailViewController.swift; sourceTree = "<group>"; };
		8C2EFD452583D1D4009C24EF /* PatientService.swift */ = {isa = PBXFileReference; lastKnownFileType = sourcecode.swift; path = PatientService.swift; sourceTree = "<group>"; };
		8C2EFD4D2583E972009C24EF /* Drug.swift */ = {isa = PBXFileReference; lastKnownFileType = sourcecode.swift; path = Drug.swift; sourceTree = "<group>"; };
		8C2EFD512583E9A6009C24EF /* Patient.swift */ = {isa = PBXFileReference; lastKnownFileType = sourcecode.swift; path = Patient.swift; sourceTree = "<group>"; };
		8C2EFD5925843679009C24EF /* PatientCell.swift */ = {isa = PBXFileReference; lastKnownFileType = sourcecode.swift; path = PatientCell.swift; sourceTree = "<group>"; };
		8C2EFD5C2597C262009C24EF /* PatientDrugCell.swift */ = {isa = PBXFileReference; lastKnownFileType = sourcecode.swift; path = PatientDrugCell.swift; sourceTree = "<group>"; };
		8C2EFD5F2598CB57009C24EF /* DrugService.swift */ = {isa = PBXFileReference; lastKnownFileType = sourcecode.swift; path = DrugService.swift; sourceTree = "<group>"; };
		8C2EFD622598CF04009C24EF /* DrugsTableViewController.swift */ = {isa = PBXFileReference; lastKnownFileType = sourcecode.swift; path = DrugsTableViewController.swift; sourceTree = "<group>"; };
		8C5AF0F5257FFFA600F480A1 /* Prescribr.app */ = {isa = PBXFileReference; explicitFileType = wrapper.application; includeInIndex = 0; path = Prescribr.app; sourceTree = BUILT_PRODUCTS_DIR; };
		8C5AF0F8257FFFA600F480A1 /* AppDelegate.swift */ = {isa = PBXFileReference; lastKnownFileType = sourcecode.swift; path = AppDelegate.swift; sourceTree = "<group>"; };
		8C5AF0FA257FFFA600F480A1 /* SceneDelegate.swift */ = {isa = PBXFileReference; lastKnownFileType = sourcecode.swift; path = SceneDelegate.swift; sourceTree = "<group>"; };
		8C5AF0FC257FFFA600F480A1 /* ViewController.swift */ = {isa = PBXFileReference; lastKnownFileType = sourcecode.swift; path = ViewController.swift; sourceTree = "<group>"; };
		8C5AF0FF257FFFA600F480A1 /* Base */ = {isa = PBXFileReference; lastKnownFileType = file.storyboard; name = Base; path = Base.lproj/Main.storyboard; sourceTree = "<group>"; };
		8C5AF101257FFFA700F480A1 /* Assets.xcassets */ = {isa = PBXFileReference; lastKnownFileType = folder.assetcatalog; path = Assets.xcassets; sourceTree = "<group>"; };
		8C5AF104257FFFA700F480A1 /* Base */ = {isa = PBXFileReference; lastKnownFileType = file.storyboard; name = Base; path = Base.lproj/LaunchScreen.storyboard; sourceTree = "<group>"; };
		8C5AF106257FFFA700F480A1 /* Info.plist */ = {isa = PBXFileReference; lastKnownFileType = text.plist.xml; path = Info.plist; sourceTree = "<group>"; };
		8C606775259A530C00A15DEB /* DrugDetailsViewController.swift */ = {isa = PBXFileReference; lastKnownFileType = sourcecode.swift; path = DrugDetailsViewController.swift; sourceTree = "<group>"; };
		8C60677E259CCAC500A15DEB /* PatientCredentialsViewController.swift */ = {isa = PBXFileReference; lastKnownFileType = sourcecode.swift; path = PatientCredentialsViewController.swift; sourceTree = "<group>"; };
		8C606781259CCFB900A15DEB /* PatientDTO.swift */ = {isa = PBXFileReference; lastKnownFileType = sourcecode.swift; path = PatientDTO.swift; sourceTree = "<group>"; };
		FC795A52C7B42EEBD3406086 /* Pods-Prescribr.release.xcconfig */ = {isa = PBXFileReference; includeInIndex = 1; lastKnownFileType = text.xcconfig; name = "Pods-Prescribr.release.xcconfig"; path = "Target Support Files/Pods-Prescribr/Pods-Prescribr.release.xcconfig"; sourceTree = "<group>"; };
/* End PBXFileReference section */

/* Begin PBXFrameworksBuildPhase section */
		8C5AF0F2257FFFA600F480A1 /* Frameworks */ = {
			isa = PBXFrameworksBuildPhase;
			buildActionMask = 2147483647;
			files = (
				AFB54D77172C1D394615D087 /* Pods_Prescribr.framework in Frameworks */,
			);
			runOnlyForDeploymentPostprocessing = 0;
		};
/* End PBXFrameworksBuildPhase section */

/* Begin PBXGroup section */
		8C2EFD2C258103AF009C24EF /* Network */ = {
			isa = PBXGroup;
			children = (
				8C2EFD2D258103DB009C24EF /* AccountService.swift */,
				8C2EFD452583D1D4009C24EF /* PatientService.swift */,
				8C2EFD5F2598CB57009C24EF /* DrugService.swift */,
			);
			path = Network;
			sourceTree = "<group>";
		};
		8C2EFD482583D476009C24EF /* Model */ = {
			isa = PBXGroup;
			children = (
				8C2EFD4D2583E972009C24EF /* Drug.swift */,
				8C2EFD512583E9A6009C24EF /* Patient.swift */,
				8C2EFD5925843679009C24EF /* PatientCell.swift */,
				8C2EFD5C2597C262009C24EF /* PatientDrugCell.swift */,
				8C606781259CCFB900A15DEB /* PatientDTO.swift */,
			);
			path = Model;
			sourceTree = "<group>";
		};
		8C5AF0EC257FFFA600F480A1 = {
			isa = PBXGroup;
			children = (
				8C5AF0F7257FFFA600F480A1 /* Prescribr */,
				8C5AF0F6257FFFA600F480A1 /* Products */,
				E4B487F98E8EF22197A63121 /* Pods */,
				9EEE5D6843E11490DBBF94D3 /* Frameworks */,
			);
			sourceTree = "<group>";
		};
		8C5AF0F6257FFFA600F480A1 /* Products */ = {
			isa = PBXGroup;
			children = (
				8C5AF0F5257FFFA600F480A1 /* Prescribr.app */,
			);
			name = Products;
			sourceTree = "<group>";
		};
		8C5AF0F7257FFFA600F480A1 /* Prescribr */ = {
			isa = PBXGroup;
			children = (
				8C2EFD482583D476009C24EF /* Model */,
				8C2EFD2C258103AF009C24EF /* Network */,
				8C5AF11025800D4500F480A1 /* Controllers */,
				8C5AF10E2580014A00F480A1 /* Storyboards */,
				8C5AF0F8257FFFA600F480A1 /* AppDelegate.swift */,
				8C5AF0FA257FFFA600F480A1 /* SceneDelegate.swift */,
				8C5AF0FC257FFFA600F480A1 /* ViewController.swift */,
				8C5AF101257FFFA700F480A1 /* Assets.xcassets */,
				8C5AF103257FFFA700F480A1 /* LaunchScreen.storyboard */,
				8C5AF106257FFFA700F480A1 /* Info.plist */,
			);
			path = Prescribr;
			sourceTree = "<group>";
		};
		8C5AF10E2580014A00F480A1 /* Storyboards */ = {
			isa = PBXGroup;
			children = (
				8C5AF0FE257FFFA600F480A1 /* Main.storyboard */,
				8C2EFD1C25801364009C24EF /* Drugs.storyboard */,
				8C2EFD1F25801379009C24EF /* Patients.storyboard */,
				8C2EFD222580138B009C24EF /* Settings.storyboard */,
			);
			path = Storyboards;
			sourceTree = "<group>";
		};
		8C5AF11025800D4500F480A1 /* Controllers */ = {
			isa = PBXGroup;
			children = (
				8C2EFD252580196D009C24EF /* LoginViewController.swift */,
				8C2EFD3525811E2D009C24EF /* RegisterViewController.swift */,
				8C2EFD3C25813507009C24EF /* SettingsViewController.swift */,
				8C2EFD3F2583BB80009C24EF /* PatientsTableViewController.swift */,
				8C2EFD422583BC11009C24EF /* PatientsDetailViewController.swift */,
				8C2EFD622598CF04009C24EF /* DrugsTableViewController.swift */,
				8C606775259A530C00A15DEB /* DrugDetailsViewController.swift */,
				8C60677E259CCAC500A15DEB /* PatientCredentialsViewController.swift */,
			);
			path = Controllers;
			sourceTree = "<group>";
		};
		9EEE5D6843E11490DBBF94D3 /* Frameworks */ = {
			isa = PBXGroup;
			children = (
				5D1F352B3C6B5D76D0398E6F /* Pods_Prescribr.framework */,
			);
			name = Frameworks;
			sourceTree = "<group>";
		};
		E4B487F98E8EF22197A63121 /* Pods */ = {
			isa = PBXGroup;
			children = (
				3ABC47EEB26FB492439210D3 /* Pods-Prescribr.debug.xcconfig */,
				FC795A52C7B42EEBD3406086 /* Pods-Prescribr.release.xcconfig */,
			);
			path = Pods;
			sourceTree = "<group>";
		};
/* End PBXGroup section */

/* Begin PBXNativeTarget section */
		8C5AF0F4257FFFA600F480A1 /* Prescribr */ = {
			isa = PBXNativeTarget;
			buildConfigurationList = 8C5AF109257FFFA700F480A1 /* Build configuration list for PBXNativeTarget "Prescribr" */;
			buildPhases = (
				5A7E9C87B28501ADEEA16AB6 /* [CP] Check Pods Manifest.lock */,
				8C5AF0F1257FFFA600F480A1 /* Sources */,
				8C5AF0F2257FFFA600F480A1 /* Frameworks */,
				8C5AF0F3257FFFA600F480A1 /* Resources */,
				D85D355002FEB5ED5C218E58 /* [CP] Embed Pods Frameworks */,
			);
			buildRules = (
			);
			dependencies = (
			);
			name = Prescribr;
			productName = Prescribr;
			productReference = 8C5AF0F5257FFFA600F480A1 /* Prescribr.app */;
			productType = "com.apple.product-type.application";
		};
/* End PBXNativeTarget section */

/* Begin PBXProject section */
		8C5AF0ED257FFFA600F480A1 /* Project object */ = {
			isa = PBXProject;
			attributes = {
				LastSwiftUpdateCheck = 1200;
				LastUpgradeCheck = 1200;
				TargetAttributes = {
					8C5AF0F4257FFFA600F480A1 = {
						CreatedOnToolsVersion = 12.0;
					};
				};
			};
			buildConfigurationList = 8C5AF0F0257FFFA600F480A1 /* Build configuration list for PBXProject "Prescribr" */;
			compatibilityVersion = "Xcode 9.3";
			developmentRegion = en;
			hasScannedForEncodings = 0;
			knownRegions = (
				en,
				Base,
			);
			mainGroup = 8C5AF0EC257FFFA600F480A1;
			productRefGroup = 8C5AF0F6257FFFA600F480A1 /* Products */;
			projectDirPath = "";
			projectRoot = "";
			targets = (
				8C5AF0F4257FFFA600F480A1 /* Prescribr */,
			);
		};
/* End PBXProject section */

/* Begin PBXResourcesBuildPhase section */
		8C5AF0F3257FFFA600F480A1 /* Resources */ = {
			isa = PBXResourcesBuildPhase;
			buildActionMask = 2147483647;
			files = (
				8C2EFD2025801379009C24EF /* Patients.storyboard in Resources */,
				8C2EFD1D25801364009C24EF /* Drugs.storyboard in Resources */,
				8C5AF105257FFFA700F480A1 /* LaunchScreen.storyboard in Resources */,
				8C2EFD232580138B009C24EF /* Settings.storyboard in Resources */,
				8C5AF102257FFFA700F480A1 /* Assets.xcassets in Resources */,
				8C5AF100257FFFA600F480A1 /* Main.storyboard in Resources */,
			);
			runOnlyForDeploymentPostprocessing = 0;
		};
/* End PBXResourcesBuildPhase section */

/* Begin PBXShellScriptBuildPhase section */
		5A7E9C87B28501ADEEA16AB6 /* [CP] Check Pods Manifest.lock */ = {
			isa = PBXShellScriptBuildPhase;
			buildActionMask = 2147483647;
			files = (
			);
			inputFileListPaths = (
			);
			inputPaths = (
				"${PODS_PODFILE_DIR_PATH}/Podfile.lock",
				"${PODS_ROOT}/Manifest.lock",
			);
			name = "[CP] Check Pods Manifest.lock";
			outputFileListPaths = (
			);
			outputPaths = (
				"$(DERIVED_FILE_DIR)/Pods-Prescribr-checkManifestLockResult.txt",
			);
			runOnlyForDeploymentPostprocessing = 0;
			shellPath = /bin/sh;
			shellScript = "diff \"${PODS_PODFILE_DIR_PATH}/Podfile.lock\" \"${PODS_ROOT}/Manifest.lock\" > /dev/null\nif [ $? != 0 ] ; then\n    # print error to STDERR\n    echo \"error: The sandbox is not in sync with the Podfile.lock. Run 'pod install' or update your CocoaPods installation.\" >&2\n    exit 1\nfi\n# This output is used by Xcode 'outputs' to avoid re-running this script phase.\necho \"SUCCESS\" > \"${SCRIPT_OUTPUT_FILE_0}\"\n";
			showEnvVarsInLog = 0;
		};
		D85D355002FEB5ED5C218E58 /* [CP] Embed Pods Frameworks */ = {
			isa = PBXShellScriptBuildPhase;
			buildActionMask = 2147483647;
			files = (
			);
			inputFileListPaths = (
				"${PODS_ROOT}/Target Support Files/Pods-Prescribr/Pods-Prescribr-frameworks-${CONFIGURATION}-input-files.xcfilelist",
			);
			name = "[CP] Embed Pods Frameworks";
			outputFileListPaths = (
				"${PODS_ROOT}/Target Support Files/Pods-Prescribr/Pods-Prescribr-frameworks-${CONFIGURATION}-output-files.xcfilelist",
			);
			runOnlyForDeploymentPostprocessing = 0;
			shellPath = /bin/sh;
			shellScript = "\"${PODS_ROOT}/Target Support Files/Pods-Prescribr/Pods-Prescribr-frameworks.sh\"\n";
			showEnvVarsInLog = 0;
		};
/* End PBXShellScriptBuildPhase section */

/* Begin PBXSourcesBuildPhase section */
		8C5AF0F1257FFFA600F480A1 /* Sources */ = {
			isa = PBXSourcesBuildPhase;
			buildActionMask = 2147483647;
			files = (
				8C2EFD262580196D009C24EF /* LoginViewController.swift in Sources */,
				8C2EFD402583BB80009C24EF /* PatientsTableViewController.swift in Sources */,
				8C2EFD602598CB57009C24EF /* DrugService.swift in Sources */,
				8C60677F259CCAC500A15DEB /* PatientCredentialsViewController.swift in Sources */,
				8C5AF0FD257FFFA600F480A1 /* ViewController.swift in Sources */,
				8C2EFD3D25813507009C24EF /* SettingsViewController.swift in Sources */,
				8C2EFD632598CF04009C24EF /* DrugsTableViewController.swift in Sources */,
				8C2EFD5A25843679009C24EF /* PatientCell.swift in Sources */,
				8C5AF0F9257FFFA600F480A1 /* AppDelegate.swift in Sources */,
				8C2EFD522583E9A6009C24EF /* Patient.swift in Sources */,
				8C2EFD462583D1D4009C24EF /* PatientService.swift in Sources */,
				8C2EFD3625811E2D009C24EF /* RegisterViewController.swift in Sources */,
				8C2EFD5D2597C262009C24EF /* PatientDrugCell.swift in Sources */,
				8C606782259CCFB900A15DEB /* PatientDTO.swift in Sources */,
				8C606776259A530C00A15DEB /* DrugDetailsViewController.swift in Sources */,
				8C2EFD2E258103DB009C24EF /* AccountService.swift in Sources */,
				8C5AF0FB257FFFA600F480A1 /* SceneDelegate.swift in Sources */,
				8C2EFD432583BC11009C24EF /* PatientsDetailViewController.swift in Sources */,
				8C2EFD4E2583E972009C24EF /* Drug.swift in Sources */,
			);
			runOnlyForDeploymentPostprocessing = 0;
		};
/* End PBXSourcesBuildPhase section */

/* Begin PBXVariantGroup section */
		8C5AF0FE257FFFA600F480A1 /* Main.storyboard */ = {
			isa = PBXVariantGroup;
			children = (
				8C5AF0FF257FFFA600F480A1 /* Base */,
			);
			name = Main.storyboard;
			sourceTree = "<group>";
		};
		8C5AF103257FFFA700F480A1 /* LaunchScreen.storyboard */ = {
			isa = PBXVariantGroup;
			children = (
				8C5AF104257FFFA700F480A1 /* Base */,
			);
			name = LaunchScreen.storyboard;
			sourceTree = "<group>";
		};
/* End PBXVariantGroup section */

/* Begin XCBuildConfiguration section */
		8C5AF107257FFFA700F480A1 /* Debug */ = {
			isa = XCBuildConfiguration;
			buildSettings = {
				ALWAYS_SEARCH_USER_PATHS = NO;
				CLANG_ANALYZER_NONNULL = YES;
				CLANG_ANALYZER_NUMBER_OBJECT_CONVERSION = YES_AGGRESSIVE;
				CLANG_CXX_LANGUAGE_STANDARD = "gnu++14";
				CLANG_CXX_LIBRARY = "libc++";
				CLANG_ENABLE_MODULES = YES;
				CLANG_ENABLE_OBJC_ARC = YES;
				CLANG_ENABLE_OBJC_WEAK = YES;
				CLANG_WARN_BLOCK_CAPTURE_AUTORELEASING = YES;
				CLANG_WARN_BOOL_CONVERSION = YES;
				CLANG_WARN_COMMA = YES;
				CLANG_WARN_CONSTANT_CONVERSION = YES;
				CLANG_WARN_DEPRECATED_OBJC_IMPLEMENTATIONS = YES;
				CLANG_WARN_DIRECT_OBJC_ISA_USAGE = YES_ERROR;
				CLANG_WARN_DOCUMENTATION_COMMENTS = YES;
				CLANG_WARN_EMPTY_BODY = YES;
				CLANG_WARN_ENUM_CONVERSION = YES;
				CLANG_WARN_INFINITE_RECURSION = YES;
				CLANG_WARN_INT_CONVERSION = YES;
				CLANG_WARN_NON_LITERAL_NULL_CONVERSION = YES;
				CLANG_WARN_OBJC_IMPLICIT_RETAIN_SELF = YES;
				CLANG_WARN_OBJC_LITERAL_CONVERSION = YES;
				CLANG_WARN_OBJC_ROOT_CLASS = YES_ERROR;
				CLANG_WARN_QUOTED_INCLUDE_IN_FRAMEWORK_HEADER = YES;
				CLANG_WARN_RANGE_LOOP_ANALYSIS = YES;
				CLANG_WARN_STRICT_PROTOTYPES = YES;
				CLANG_WARN_SUSPICIOUS_MOVE = YES;
				CLANG_WARN_UNGUARDED_AVAILABILITY = YES_AGGRESSIVE;
				CLANG_WARN_UNREACHABLE_CODE = YES;
				CLANG_WARN__DUPLICATE_METHOD_MATCH = YES;
				COPY_PHASE_STRIP = NO;
				DEBUG_INFORMATION_FORMAT = dwarf;
				ENABLE_STRICT_OBJC_MSGSEND = YES;
				ENABLE_TESTABILITY = YES;
				GCC_C_LANGUAGE_STANDARD = gnu11;
				GCC_DYNAMIC_NO_PIC = NO;
				GCC_NO_COMMON_BLOCKS = YES;
				GCC_OPTIMIZATION_LEVEL = 0;
				GCC_PREPROCESSOR_DEFINITIONS = (
					"DEBUG=1",
					"$(inherited)",
				);
				GCC_WARN_64_TO_32_BIT_CONVERSION = YES;
				GCC_WARN_ABOUT_RETURN_TYPE = YES_ERROR;
				GCC_WARN_UNDECLARED_SELECTOR = YES;
				GCC_WARN_UNINITIALIZED_AUTOS = YES_AGGRESSIVE;
				GCC_WARN_UNUSED_FUNCTION = YES;
				GCC_WARN_UNUSED_VARIABLE = YES;
				IPHONEOS_DEPLOYMENT_TARGET = 14.0;
				MTL_ENABLE_DEBUG_INFO = INCLUDE_SOURCE;
				MTL_FAST_MATH = YES;
				ONLY_ACTIVE_ARCH = YES;
				SDKROOT = iphoneos;
				SWIFT_ACTIVE_COMPILATION_CONDITIONS = DEBUG;
				SWIFT_OPTIMIZATION_LEVEL = "-Onone";
			};
			name = Debug;
		};
		8C5AF108257FFFA700F480A1 /* Release */ = {
			isa = XCBuildConfiguration;
			buildSettings = {
				ALWAYS_SEARCH_USER_PATHS = NO;
				CLANG_ANALYZER_NONNULL = YES;
				CLANG_ANALYZER_NUMBER_OBJECT_CONVERSION = YES_AGGRESSIVE;
				CLANG_CXX_LANGUAGE_STANDARD = "gnu++14";
				CLANG_CXX_LIBRARY = "libc++";
				CLANG_ENABLE_MODULES = YES;
				CLANG_ENABLE_OBJC_ARC = YES;
				CLANG_ENABLE_OBJC_WEAK = YES;
				CLANG_WARN_BLOCK_CAPTURE_AUTORELEASING = YES;
				CLANG_WARN_BOOL_CONVERSION = YES;
				CLANG_WARN_COMMA = YES;
				CLANG_WARN_CONSTANT_CONVERSION = YES;
				CLANG_WARN_DEPRECATED_OBJC_IMPLEMENTATIONS = YES;
				CLANG_WARN_DIRECT_OBJC_ISA_USAGE = YES_ERROR;
				CLANG_WARN_DOCUMENTATION_COMMENTS = YES;
				CLANG_WARN_EMPTY_BODY = YES;
				CLANG_WARN_ENUM_CONVERSION = YES;
				CLANG_WARN_INFINITE_RECURSION = YES;
				CLANG_WARN_INT_CONVERSION = YES;
				CLANG_WARN_NON_LITERAL_NULL_CONVERSION = YES;
				CLANG_WARN_OBJC_IMPLICIT_RETAIN_SELF = YES;
				CLANG_WARN_OBJC_LITERAL_CONVERSION = YES;
				CLANG_WARN_OBJC_ROOT_CLASS = YES_ERROR;
				CLANG_WARN_QUOTED_INCLUDE_IN_FRAMEWORK_HEADER = YES;
				CLANG_WARN_RANGE_LOOP_ANALYSIS = YES;
				CLANG_WARN_STRICT_PROTOTYPES = YES;
				CLANG_WARN_SUSPICIOUS_MOVE = YES;
				CLANG_WARN_UNGUARDED_AVAILABILITY = YES_AGGRESSIVE;
				CLANG_WARN_UNREACHABLE_CODE = YES;
				CLANG_WARN__DUPLICATE_METHOD_MATCH = YES;
				COPY_PHASE_STRIP = NO;
				DEBUG_INFORMATION_FORMAT = "dwarf-with-dsym";
				ENABLE_NS_ASSERTIONS = NO;
				ENABLE_STRICT_OBJC_MSGSEND = YES;
				GCC_C_LANGUAGE_STANDARD = gnu11;
				GCC_NO_COMMON_BLOCKS = YES;
				GCC_WARN_64_TO_32_BIT_CONVERSION = YES;
				GCC_WARN_ABOUT_RETURN_TYPE = YES_ERROR;
				GCC_WARN_UNDECLARED_SELECTOR = YES;
				GCC_WARN_UNINITIALIZED_AUTOS = YES_AGGRESSIVE;
				GCC_WARN_UNUSED_FUNCTION = YES;
				GCC_WARN_UNUSED_VARIABLE = YES;
				IPHONEOS_DEPLOYMENT_TARGET = 14.0;
				MTL_ENABLE_DEBUG_INFO = NO;
				MTL_FAST_MATH = YES;
				SDKROOT = iphoneos;
				SWIFT_COMPILATION_MODE = wholemodule;
				SWIFT_OPTIMIZATION_LEVEL = "-O";
				VALIDATE_PRODUCT = YES;
			};
			name = Release;
		};
		8C5AF10A257FFFA700F480A1 /* Debug */ = {
			isa = XCBuildConfiguration;
			baseConfigurationReference = 3ABC47EEB26FB492439210D3 /* Pods-Prescribr.debug.xcconfig */;
			buildSettings = {
				ASSETCATALOG_COMPILER_APPICON_NAME = AppIcon;
				ASSETCATALOG_COMPILER_GLOBAL_ACCENT_COLOR_NAME = AccentColor;
				CODE_SIGN_STYLE = Automatic;
				INFOPLIST_FILE = Prescribr/Info.plist;
				LD_RUNPATH_SEARCH_PATHS = (
					"$(inherited)",
					"@executable_path/Frameworks",
				);
				PRODUCT_BUNDLE_IDENTIFIER = com.KeeJayBe.Prescribr;
				PRODUCT_NAME = "$(TARGET_NAME)";
				SWIFT_VERSION = 5.0;
				TARGETED_DEVICE_FAMILY = "1,2";
			};
			name = Debug;
		};
		8C5AF10B257FFFA700F480A1 /* Release */ = {
			isa = XCBuildConfiguration;
			baseConfigurationReference = FC795A52C7B42EEBD3406086 /* Pods-Prescribr.release.xcconfig */;
			buildSettings = {
				ASSETCATALOG_COMPILER_APPICON_NAME = AppIcon;
				ASSETCATALOG_COMPILER_GLOBAL_ACCENT_COLOR_NAME = AccentColor;
				CODE_SIGN_STYLE = Automatic;
				INFOPLIST_FILE = Prescribr/Info.plist;
				LD_RUNPATH_SEARCH_PATHS = (
					"$(inherited)",
					"@executable_path/Frameworks",
				);
				PRODUCT_BUNDLE_IDENTIFIER = com.KeeJayBe.Prescribr;
				PRODUCT_NAME = "$(TARGET_NAME)";
				SWIFT_VERSION = 5.0;
				TARGETED_DEVICE_FAMILY = "1,2";
			};
			name = Release;
		};
/* End XCBuildConfiguration section */

/* Begin XCConfigurationList section */
		8C5AF0F0257FFFA600F480A1 /* Build configuration list for PBXProject "Prescribr" */ = {
			isa = XCConfigurationList;
			buildConfigurations = (
				8C5AF107257FFFA700F480A1 /* Debug */,
				8C5AF108257FFFA700F480A1 /* Release */,
			);
			defaultConfigurationIsVisible = 0;
			defaultConfigurationName = Release;
		};
		8C5AF109257FFFA700F480A1 /* Build configuration list for PBXNativeTarget "Prescribr" */ = {
			isa = XCConfigurationList;
			buildConfigurations = (
				8C5AF10A257FFFA700F480A1 /* Debug */,
				8C5AF10B257FFFA700F480A1 /* Release */,
			);
			defaultConfigurationIsVisible = 0;
			defaultConfigurationName = Release;
		};
/* End XCConfigurationList section */
	};
	rootObject = 8C5AF0ED257FFFA600F480A1 /* Project object */;
}
